// !$*UTF8*$!
{
	archiveVersion = 1;
	classes = {
	};
	objectVersion = 63;
	objects = {

/* Begin PBXBuildFile section */
		16E3ED0B998C8AC476F68E35 /* ViewExtensions.swift in Sources */ = {isa = PBXBuildFile; fileRef = E7EF803B86599E4356467BFB /* ViewExtensions.swift */; };
		1BFA1EB2B527EE31EDD03728 /* SettingsView.swift in Sources */ = {isa = PBXBuildFile; fileRef = DAFC6F88F41FF5AFA1D41D41 /* SettingsView.swift */; };
		1FC161686F9031067F8B98AB /* OllamaService.swift in Sources */ = {isa = PBXBuildFile; fileRef = 1DCE7A2B5FB8D8551C6938A0 /* OllamaService.swift */; };
		2570AB0384FF6CB9113D0D4D /* HotkeyService.swift in Sources */ = {isa = PBXBuildFile; fileRef = 995A04D358F5E56619C3ABBF /* HotkeyService.swift */; };
		25E9D4A7B767D15677BB1D30 /* Constants.swift in Sources */ = {isa = PBXBuildFile; fileRef = 8FC2AE9E22B2FEB3114272AD /* Constants.swift */; };
		293E2F9BF47D66B581ABA6D2 /* APIModels.swift in Sources */ = {isa = PBXBuildFile; fileRef = 232844B4A333DDA8CEA58779 /* APIModels.swift */; };
		348CAF292EB267A99522EC19 /* PromptEditorView.swift in Sources */ = {isa = PBXBuildFile; fileRef = 99C9CC00DC17329332425460 /* PromptEditorView.swift */; };
		7A6BA6BA95C32D9525089300 /* KeychainService.swift in Sources */ = {isa = PBXBuildFile; fileRef = CD3829EF7E7F5DBD23FB0E27 /* KeychainService.swift */; };
		85A3B3D80196E77AF05D2E6B /* TextCaptureService.swift in Sources */ = {isa = PBXBuildFile; fileRef = 15B15EE9E9CF0F71AA2CBC8F /* TextCaptureService.swift */; };
		90DD6D49420531A537C06CCA /* ClaudeService.swift in Sources */ = {isa = PBXBuildFile; fileRef = 0CA5973B236CD06E2B090660 /* ClaudeService.swift */; };
		AABAD24D7C91343D9A60D376 /* AIProvider.swift in Sources */ = {isa = PBXBuildFile; fileRef = 2463AB1F24A5CF67A4840008 /* AIProvider.swift */; };
		AD2AD4817E379CA698FCCB54 /* AIServiceProtocol.swift in Sources */ = {isa = PBXBuildFile; fileRef = 96B4C6684026F17A017A27D7 /* AIServiceProtocol.swift */; };
		AFA864649A05A75B3DCEE6D7 /* RephrasePrompt.swift in Sources */ = {isa = PBXBuildFile; fileRef = 631A2BE79CE0215E2D4CAEFC /* RephrasePrompt.swift */; };
		B30BA759D420304556247A60 /* RewordApp.swift in Sources */ = {isa = PBXBuildFile; fileRef = EA1FDB70A5FEBA3133B4BC78 /* RewordApp.swift */; };
		C2B0D1CF04424E8B4CAD2106 /* Settings.swift in Sources */ = {isa = PBXBuildFile; fileRef = 74F819A22718C4E432547F53 /* Settings.swift */; };
		C470798E473AD1C84CF71AA8 /* FloatingInputPanel.swift in Sources */ = {isa = PBXBuildFile; fileRef = F862EDC1195B213885C8B37D /* FloatingInputPanel.swift */; };
		DB4EBC81076894C06EDAE733 /* Logger.swift in Sources */ = {isa = PBXBuildFile; fileRef = 1CDCB7AB4A13360C50393293 /* Logger.swift */; };
		E93D82A3983CAB649850FBD4 /* OpenAIService.swift in Sources */ = {isa = PBXBuildFile; fileRef = 79181E427258FB133DCDE820 /* OpenAIService.swift */; };
		EC5224AB6868B900CD0449E2 /* Assets.xcassets in Resources */ = {isa = PBXBuildFile; fileRef = 0B0B932F6603D64A47296A07 /* Assets.xcassets */; };
		F43D21E0E774DAB7F0EC671A /* HotkeyRecorderView.swift in Sources */ = {isa = PBXBuildFile; fileRef = 5D627E1A06A158C04612DC96 /* HotkeyRecorderView.swift */; };
		FC3EBFD583D9CE9060FD7240 /* TranslateLanguage.swift in Sources */ = {isa = PBXBuildFile; fileRef = F55ED483A059AEAB81797240 /* TranslateLanguage.swift */; };
/* End PBXBuildFile section */

/* Begin PBXFileReference section */
		0B0B932F6603D64A47296A07 /* Assets.xcassets */ = {isa = PBXFileReference; lastKnownFileType = folder.assetcatalog; path = Assets.xcassets; sourceTree = "<group>"; };
		0CA5973B236CD06E2B090660 /* ClaudeService.swift */ = {isa = PBXFileReference; lastKnownFileType = sourcecode.swift; path = ClaudeService.swift; sourceTree = "<group>"; };
		15B15EE9E9CF0F71AA2CBC8F /* TextCaptureService.swift */ = {isa = PBXFileReference; lastKnownFileType = sourcecode.swift; path = TextCaptureService.swift; sourceTree = "<group>"; };
		1CDCB7AB4A13360C50393293 /* Logger.swift */ = {isa = PBXFileReference; lastKnownFileType = sourcecode.swift; path = Logger.swift; sourceTree = "<group>"; };
		1DCE7A2B5FB8D8551C6938A0 /* OllamaService.swift */ = {isa = PBXFileReference; lastKnownFileType = sourcecode.swift; path = OllamaService.swift; sourceTree = "<group>"; };
		232844B4A333DDA8CEA58779 /* APIModels.swift */ = {isa = PBXFileReference; lastKnownFileType = sourcecode.swift; path = APIModels.swift; sourceTree = "<group>"; };
		2463AB1F24A5CF67A4840008 /* AIProvider.swift */ = {isa = PBXFileReference; lastKnownFileType = sourcecode.swift; path = AIProvider.swift; sourceTree = "<group>"; };
		5D627E1A06A158C04612DC96 /* HotkeyRecorderView.swift */ = {isa = PBXFileReference; lastKnownFileType = sourcecode.swift; path = HotkeyRecorderView.swift; sourceTree = "<group>"; };
		631A2BE79CE0215E2D4CAEFC /* RephrasePrompt.swift */ = {isa = PBXFileReference; lastKnownFileType = sourcecode.swift; path = RephrasePrompt.swift; sourceTree = "<group>"; };
		74F819A22718C4E432547F53 /* Settings.swift */ = {isa = PBXFileReference; lastKnownFileType = sourcecode.swift; path = Settings.swift; sourceTree = "<group>"; };
		79181E427258FB133DCDE820 /* OpenAIService.swift */ = {isa = PBXFileReference; lastKnownFileType = sourcecode.swift; path = OpenAIService.swift; sourceTree = "<group>"; };
		8FC2AE9E22B2FEB3114272AD /* Constants.swift */ = {isa = PBXFileReference; lastKnownFileType = sourcecode.swift; path = Constants.swift; sourceTree = "<group>"; };
		96B4C6684026F17A017A27D7 /* AIServiceProtocol.swift */ = {isa = PBXFileReference; lastKnownFileType = sourcecode.swift; path = AIServiceProtocol.swift; sourceTree = "<group>"; };
		995A04D358F5E56619C3ABBF /* HotkeyService.swift */ = {isa = PBXFileReference; lastKnownFileType = sourcecode.swift; path = HotkeyService.swift; sourceTree = "<group>"; };
		99C9CC00DC17329332425460 /* PromptEditorView.swift */ = {isa = PBXFileReference; lastKnownFileType = sourcecode.swift; path = PromptEditorView.swift; sourceTree = "<group>"; };
		CD3829EF7E7F5DBD23FB0E27 /* KeychainService.swift */ = {isa = PBXFileReference; lastKnownFileType = sourcecode.swift; path = KeychainService.swift; sourceTree = "<group>"; };
		D11677E1ADFFFA7D4374D7A3 /* Reword.app */ = {isa = PBXFileReference; explicitFileType = wrapper.application; includeInIndex = 0; path = Reword.app; sourceTree = BUILT_PRODUCTS_DIR; };
		DAFC6F88F41FF5AFA1D41D41 /* SettingsView.swift */ = {isa = PBXFileReference; lastKnownFileType = sourcecode.swift; path = SettingsView.swift; sourceTree = "<group>"; };
		E70152C9F6B5DD377768BE49 /* Reword.entitlements */ = {isa = PBXFileReference; lastKnownFileType = text.plist.entitlements; path = Reword.entitlements; sourceTree = "<group>"; };
		E7EF803B86599E4356467BFB /* ViewExtensions.swift */ = {isa = PBXFileReference; lastKnownFileType = sourcecode.swift; path = ViewExtensions.swift; sourceTree = "<group>"; };
		EA1FDB70A5FEBA3133B4BC78 /* RewordApp.swift */ = {isa = PBXFileReference; lastKnownFileType = sourcecode.swift; path = RewordApp.swift; sourceTree = "<group>"; };
		F3669D893F400AF5A7E6BC49 /* Info.plist */ = {isa = PBXFileReference; lastKnownFileType = text.plist; path = Info.plist; sourceTree = "<group>"; };
		F55ED483A059AEAB81797240 /* TranslateLanguage.swift */ = {isa = PBXFileReference; lastKnownFileType = sourcecode.swift; path = TranslateLanguage.swift; sourceTree = "<group>"; };
		F862EDC1195B213885C8B37D /* FloatingInputPanel.swift */ = {isa = PBXFileReference; lastKnownFileType = sourcecode.swift; path = FloatingInputPanel.swift; sourceTree = "<group>"; };
/* End PBXFileReference section */

/* Begin PBXGroup section */
		32611BC565449972EA9D5F38 /* Reword */ = {
			isa = PBXGroup;
			children = (
				0B0B932F6603D64A47296A07 /* Assets.xcassets */,
				8FC2AE9E22B2FEB3114272AD /* Constants.swift */,
				F3669D893F400AF5A7E6BC49 /* Info.plist */,
				E70152C9F6B5DD377768BE49 /* Reword.entitlements */,
				EA1FDB70A5FEBA3133B4BC78 /* RewordApp.swift */,
				460F53D11317BF50CF6738C2 /* Models */,
				C56DF7A6AA883052F1C6D0BB /* Services */,
				9AE26339F9508E49BAEA0783 /* Utilities */,
				54840EBBAE284013AFBDFE03 /* Views */,
			);
			path = Reword;
			sourceTree = "<group>";
		};
		460F53D11317BF50CF6738C2 /* Models */ = {
			isa = PBXGroup;
			children = (
				2463AB1F24A5CF67A4840008 /* AIProvider.swift */,
				232844B4A333DDA8CEA58779 /* APIModels.swift */,
				631A2BE79CE0215E2D4CAEFC /* RephrasePrompt.swift */,
				74F819A22718C4E432547F53 /* Settings.swift */,
				F55ED483A059AEAB81797240 /* TranslateLanguage.swift */,
			);
			path = Models;
			sourceTree = "<group>";
		};
		54840EBBAE284013AFBDFE03 /* Views */ = {
			isa = PBXGroup;
			children = (
				F862EDC1195B213885C8B37D /* FloatingInputPanel.swift */,
				5D627E1A06A158C04612DC96 /* HotkeyRecorderView.swift */,
				99C9CC00DC17329332425460 /* PromptEditorView.swift */,
				DAFC6F88F41FF5AFA1D41D41 /* SettingsView.swift */,
			);
			path = Views;
			sourceTree = "<group>";
		};
		5DC5D445BCE7B2A2423E43A8 = {
			isa = PBXGroup;
			children = (
				32611BC565449972EA9D5F38 /* Reword */,
				E2C20EBE586E470C424994FE /* Products */,
			);
			sourceTree = "<group>";
		};
		9AE26339F9508E49BAEA0783 /* Utilities */ = {
			isa = PBXGroup;
			children = (
				1CDCB7AB4A13360C50393293 /* Logger.swift */,
				E7EF803B86599E4356467BFB /* ViewExtensions.swift */,
			);
			path = Utilities;
			sourceTree = "<group>";
		};
		BA6239C648F63ECEB7F0B4EE /* AIService */ = {
			isa = PBXGroup;
			children = (
				96B4C6684026F17A017A27D7 /* AIServiceProtocol.swift */,
				0CA5973B236CD06E2B090660 /* ClaudeService.swift */,
				1DCE7A2B5FB8D8551C6938A0 /* OllamaService.swift */,
				79181E427258FB133DCDE820 /* OpenAIService.swift */,
			);
			path = AIService;
			sourceTree = "<group>";
		};
		C56DF7A6AA883052F1C6D0BB /* Services */ = {
			isa = PBXGroup;
			children = (
				995A04D358F5E56619C3ABBF /* HotkeyService.swift */,
				CD3829EF7E7F5DBD23FB0E27 /* KeychainService.swift */,
				15B15EE9E9CF0F71AA2CBC8F /* TextCaptureService.swift */,
				BA6239C648F63ECEB7F0B4EE /* AIService */,
			);
			path = Services;
			sourceTree = "<group>";
		};
		E2C20EBE586E470C424994FE /* Products */ = {
			isa = PBXGroup;
			children = (
				D11677E1ADFFFA7D4374D7A3 /* Reword.app */,
			);
			name = Products;
			sourceTree = "<group>";
		};
/* End PBXGroup section */

/* Begin PBXNativeTarget section */
		8908F85DEFD8ED1106FD7923 /* Reword */ = {
			isa = PBXNativeTarget;
			buildConfigurationList = 91279D8208E45A0C03DBE350 /* Build configuration list for PBXNativeTarget "Reword" */;
			buildPhases = (
				DF5BB67648196E6F1F73F901 /* Sources */,
				06E4146AC1916B31E7BFEC24 /* Resources */,
			);
			buildRules = (
			);
			dependencies = (
			);
			name = Reword;
			packageProductDependencies = (
			);
			productName = Reword;
			productReference = D11677E1ADFFFA7D4374D7A3 /* Reword.app */;
			productType = "com.apple.product-type.application";
		};
/* End PBXNativeTarget section */

/* Begin PBXProject section */
		1709B5C91F7F7F8DB9AD9478 /* Project object */ = {
			isa = PBXProject;
			attributes = {
				BuildIndependentTargetsInParallel = YES;
				LastUpgradeCheck = 1500;
			};
			buildConfigurationList = D7C324853216FB89BEA08F00 /* Build configuration list for PBXProject "Reword" */;
			compatibilityVersion = "Xcode 14.0";
			developmentRegion = en;
			hasScannedForEncodings = 0;
			knownRegions = (
				Base,
				en,
			);
			mainGroup = 5DC5D445BCE7B2A2423E43A8;
			minimizedProjectReferenceProxies = 1;
			projectDirPath = "";
			projectRoot = "";
			targets = (
				8908F85DEFD8ED1106FD7923 /* Reword */,
			);
		};
/* End PBXProject section */

/* Begin PBXResourcesBuildPhase section */
		06E4146AC1916B31E7BFEC24 /* Resources */ = {
			isa = PBXResourcesBuildPhase;
			buildActionMask = 2147483647;
			files = (
				EC5224AB6868B900CD0449E2 /* Assets.xcassets in Resources */,
			);
			runOnlyForDeploymentPostprocessing = 0;
		};
/* End PBXResourcesBuildPhase section */

/* Begin PBXSourcesBuildPhase section */
		DF5BB67648196E6F1F73F901 /* Sources */ = {
			isa = PBXSourcesBuildPhase;
			buildActionMask = 2147483647;
			files = (
				AABAD24D7C91343D9A60D376 /* AIProvider.swift in Sources */,
				AD2AD4817E379CA698FCCB54 /* AIServiceProtocol.swift in Sources */,
				293E2F9BF47D66B581ABA6D2 /* APIModels.swift in Sources */,
				90DD6D49420531A537C06CCA /* ClaudeService.swift in Sources */,
				25E9D4A7B767D15677BB1D30 /* Constants.swift in Sources */,
				C470798E473AD1C84CF71AA8 /* FloatingInputPanel.swift in Sources */,
				F43D21E0E774DAB7F0EC671A /* HotkeyRecorderView.swift in Sources */,
				2570AB0384FF6CB9113D0D4D /* HotkeyService.swift in Sources */,
				7A6BA6BA95C32D9525089300 /* KeychainService.swift in Sources */,
				DB4EBC81076894C06EDAE733 /* Logger.swift in Sources */,
				1FC161686F9031067F8B98AB /* OllamaService.swift in Sources */,
				E93D82A3983CAB649850FBD4 /* OpenAIService.swift in Sources */,
				348CAF292EB267A99522EC19 /* PromptEditorView.swift in Sources */,
				AFA864649A05A75B3DCEE6D7 /* RephrasePrompt.swift in Sources */,
				B30BA759D420304556247A60 /* RewordApp.swift in Sources */,
				C2B0D1CF04424E8B4CAD2106 /* Settings.swift in Sources */,
				1BFA1EB2B527EE31EDD03728 /* SettingsView.swift in Sources */,
				85A3B3D80196E77AF05D2E6B /* TextCaptureService.swift in Sources */,
				FC3EBFD583D9CE9060FD7240 /* TranslateLanguage.swift in Sources */,
				16E3ED0B998C8AC476F68E35 /* ViewExtensions.swift in Sources */,
			);
			runOnlyForDeploymentPostprocessing = 0;
		};
/* End PBXSourcesBuildPhase section */

/* Begin XCBuildConfiguration section */
		2062657670314639E3362C86 /* Debug */ = {
			isa = XCBuildConfiguration;
			buildSettings = {
				ALWAYS_SEARCH_USER_PATHS = NO;
				ARCHS = arm64;
				CLANG_ANALYZER_NONNULL = YES;
				CLANG_ANALYZER_NUMBER_OBJECT_CONVERSION = YES_AGGRESSIVE;
				CLANG_CXX_LANGUAGE_STANDARD = "gnu++14";
				CLANG_CXX_LIBRARY = "libc++";
				CLANG_ENABLE_MODULES = YES;
				CLANG_ENABLE_OBJC_ARC = YES;
				CLANG_ENABLE_OBJC_WEAK = YES;
				CLANG_WARN_BLOCK_CAPTURE_AUTORELEASING = YES;
				CLANG_WARN_BOOL_CONVERSION = YES;
				CLANG_WARN_COMMA = YES;
				CLANG_WARN_CONSTANT_CONVERSION = YES;
				CLANG_WARN_DEPRECATED_OBJC_IMPLEMENTATIONS = YES;
				CLANG_WARN_DIRECT_OBJC_ISA_USAGE = YES_ERROR;
				CLANG_WARN_DOCUMENTATION_COMMENTS = YES;
				CLANG_WARN_EMPTY_BODY = YES;
				CLANG_WARN_ENUM_CONVERSION = YES;
				CLANG_WARN_INFINITE_RECURSION = YES;
				CLANG_WARN_INT_CONVERSION = YES;
				CLANG_WARN_NON_LITERAL_NULL_CONVERSION = YES;
				CLANG_WARN_OBJC_IMPLICIT_RETAIN_SELF = YES;
				CLANG_WARN_OBJC_LITERAL_CONVERSION = YES;
				CLANG_WARN_OBJC_ROOT_CLASS = YES_ERROR;
				CLANG_WARN_QUOTED_INCLUDE_IN_FRAMEWORK_HEADER = YES;
				CLANG_WARN_RANGE_LOOP_ANALYSIS = YES;
				CLANG_WARN_STRICT_PROTOTYPES = YES;
				CLANG_WARN_SUSPICIOUS_MOVE = YES;
				CLANG_WARN_UNGUARDED_AVAILABILITY = YES_AGGRESSIVE;
				CLANG_WARN_UNREACHABLE_CODE = YES;
				CLANG_WARN__DUPLICATE_METHOD_MATCH = YES;
				COPY_PHASE_STRIP = NO;
				DEBUG_INFORMATION_FORMAT = dwarf;
				ENABLE_STRICT_OBJC_MSGSEND = YES;
				ENABLE_TESTABILITY = YES;
				GCC_C_LANGUAGE_STANDARD = gnu11;
				GCC_DYNAMIC_NO_PIC = NO;
				GCC_NO_COMMON_BLOCKS = YES;
				GCC_OPTIMIZATION_LEVEL = 0;
				GCC_PREPROCESSOR_DEFINITIONS = (
					"$(inherited)",
					"DEBUG=1",
				);
				GCC_WARN_64_TO_32_BIT_CONVERSION = YES;
				GCC_WARN_ABOUT_RETURN_TYPE = YES_ERROR;
				GCC_WARN_UNDECLARED_SELECTOR = YES;
				GCC_WARN_UNINITIALIZED_AUTOS = YES_AGGRESSIVE;
				GCC_WARN_UNUSED_FUNCTION = YES;
				GCC_WARN_UNUSED_VARIABLE = YES;
				MACOSX_DEPLOYMENT_TARGET = 13.0;
				MTL_ENABLE_DEBUG_INFO = INCLUDE_SOURCE;
				MTL_FAST_MATH = YES;
				ONLY_ACTIVE_ARCH = YES;
				PRODUCT_NAME = "$(TARGET_NAME)";
				SDKROOT = macosx;
				SWIFT_ACTIVE_COMPILATION_CONDITIONS = DEBUG;
				SWIFT_OPTIMIZATION_LEVEL = "-Onone";
				SWIFT_VERSION = 5.9;
			};
			name = Debug;
		};
		47DCD5DB64EB6EABA2B63A46 /* Release */ = {
			isa = XCBuildConfiguration;
			buildSettings = {
				ASSETCATALOG_COMPILER_APPICON_NAME = AppIcon;
				ASSETCATALOG_COMPILER_INCLUDE_ALL_APPICON_ASSETS = NO;
				CODE_SIGN_ENTITLEMENTS = Reword/Reword.entitlements;
				CODE_SIGN_IDENTITY = "Apple Development";
				CODE_SIGN_STYLE = Automatic;
				COMBINE_HIDPI_IMAGES = YES;
				DEVELOPMENT_TEAM = 7MKQAN7HM5;
				ENABLE_HARDENED_RUNTIME = YES;
				INFOPLIST_FILE = Reword/Info.plist;
				INFOPLIST_KEY_CFBundleDisplayName = Reword;
				INFOPLIST_KEY_LSApplicationCategoryType = "public.app-category.productivity";
				LD_RUNPATH_SEARCH_PATHS = (
					"$(inherited)",
					"@executable_path/../Frameworks",
				);
				PRODUCT_BUNDLE_IDENTIFIER = "com.reword-rephrase-text.app";
				PROVISIONING_PROFILE_SPECIFIER = "";
				SDKROOT = macosx;
			};
			name = Release;
		};
		512DFDFF2EF71421FCF05D4E /* Debug */ = {
			isa = XCBuildConfiguration;
			buildSettings = {
				ASSETCATALOG_COMPILER_APPICON_NAME = AppIcon;
				ASSETCATALOG_COMPILER_INCLUDE_ALL_APPICON_ASSETS = NO;
				CODE_SIGN_ENTITLEMENTS = Reword/Reword.entitlements;
				CODE_SIGN_IDENTITY = "Apple Development";
				CODE_SIGN_STYLE = Automatic;
				COMBINE_HIDPI_IMAGES = YES;
				DEVELOPMENT_TEAM = 7MKQAN7HM5;
				ENABLE_HARDENED_RUNTIME = YES;
				INFOPLIST_FILE = Reword/Info.plist;
				INFOPLIST_KEY_CFBundleDisplayName = Reword;
				INFOPLIST_KEY_LSApplicationCategoryType = "public.app-category.productivity";
				LD_RUNPATH_SEARCH_PATHS = (
					"$(inherited)",
					"@executable_path/../Frameworks",
				);
				PRODUCT_BUNDLE_IDENTIFIER = com.reword.app;
				SDKROOT = macosx;
			};
			name = Debug;
		};
		5851E27287A734C00764CA89 /* Release */ = {
			isa = XCBuildConfiguration;
			buildSettings = {
				ALWAYS_SEARCH_USER_PATHS = NO;
				ARCHS = arm64;
				CLANG_ANALYZER_NONNULL = YES;
				CLANG_ANALYZER_NUMBER_OBJECT_CONVERSION = YES_AGGRESSIVE;
				CLANG_CXX_LANGUAGE_STANDARD = "gnu++14";
				CLANG_CXX_LIBRARY = "libc++";
				CLANG_ENABLE_MODULES = YES;
				CLANG_ENABLE_OBJC_ARC = YES;
				CLANG_ENABLE_OBJC_WEAK = YES;
				CLANG_WARN_BLOCK_CAPTURE_AUTORELEASING = YES;
				CLANG_WARN_BOOL_CONVERSION = YES;
				CLANG_WARN_COMMA = YES;
				CLANG_WARN_CONSTANT_CONVERSION = YES;
				CLANG_WARN_DEPRECATED_OBJC_IMPLEMENTATIONS = YES;
				CLANG_WARN_DIRECT_OBJC_ISA_USAGE = YES_ERROR;
				CLANG_WARN_DOCUMENTATION_COMMENTS = YES;
				CLANG_WARN_EMPTY_BODY = YES;
				CLANG_WARN_ENUM_CONVERSION = YES;
				CLANG_WARN_INFINITE_RECURSION = YES;
				CLANG_WARN_INT_CONVERSION = YES;
				CLANG_WARN_NON_LITERAL_NULL_CONVERSION = YES;
				CLANG_WARN_OBJC_IMPLICIT_RETAIN_SELF = YES;
				CLANG_WARN_OBJC_LITERAL_CONVERSION = YES;
				CLANG_WARN_OBJC_ROOT_CLASS = YES_ERROR;
				CLANG_WARN_QUOTED_INCLUDE_IN_FRAMEWORK_HEADER = YES;
				CLANG_WARN_RANGE_LOOP_ANALYSIS = YES;
				CLANG_WARN_STRICT_PROTOTYPES = YES;
				CLANG_WARN_SUSPICIOUS_MOVE = YES;
				CLANG_WARN_UNGUARDED_AVAILABILITY = YES_AGGRESSIVE;
				CLANG_WARN_UNREACHABLE_CODE = YES;
				CLANG_WARN__DUPLICATE_METHOD_MATCH = YES;
				COPY_PHASE_STRIP = NO;
				DEBUG_INFORMATION_FORMAT = "dwarf-with-dsym";
				ENABLE_NS_ASSERTIONS = NO;
				ENABLE_STRICT_OBJC_MSGSEND = YES;
				GCC_C_LANGUAGE_STANDARD = gnu11;
				GCC_NO_COMMON_BLOCKS = YES;
				GCC_WARN_64_TO_32_BIT_CONVERSION = YES;
				GCC_WARN_ABOUT_RETURN_TYPE = YES_ERROR;
				GCC_WARN_UNDECLARED_SELECTOR = YES;
				GCC_WARN_UNINITIALIZED_AUTOS = YES_AGGRESSIVE;
				GCC_WARN_UNUSED_FUNCTION = YES;
				GCC_WARN_UNUSED_VARIABLE = YES;
				MACOSX_DEPLOYMENT_TARGET = 13.0;
				MTL_ENABLE_DEBUG_INFO = NO;
				MTL_FAST_MATH = YES;
				PRODUCT_NAME = "$(TARGET_NAME)";
				SDKROOT = macosx;
				SWIFT_COMPILATION_MODE = wholemodule;
				SWIFT_OPTIMIZATION_LEVEL = "-O";
				SWIFT_VERSION = 5.9;
			};
			name = Release;
		};
/* End XCBuildConfiguration section */

/* Begin XCConfigurationList section */
		91279D8208E45A0C03DBE350 /* Build configuration list for PBXNativeTarget "Reword" */ = {
			isa = XCConfigurationList;
			buildConfigurations = (
				512DFDFF2EF71421FCF05D4E /* Debug */,
				47DCD5DB64EB6EABA2B63A46 /* Release */,
			);
			defaultConfigurationIsVisible = 0;
			defaultConfigurationName = Debug;
		};
		D7C324853216FB89BEA08F00 /* Build configuration list for PBXProject "Reword" */ = {
			isa = XCConfigurationList;
			buildConfigurations = (
				2062657670314639E3362C86 /* Debug */,
				5851E27287A734C00764CA89 /* Release */,
			);
			defaultConfigurationIsVisible = 0;
			defaultConfigurationName = Debug;
		};
/* End XCConfigurationList section */
	};
	rootObject = 1709B5C91F7F7F8DB9AD9478 /* Project object */;
}
