// !$*UTF8*$!
{
	archiveVersion = 1;
	classes = {
	};
	objectVersion = 77;
	objects = {

/* Begin PBXBuildFile section */
		0D3213AF77EC686001A6AC49 /* Logger.swift in Sources */ = {isa = PBXBuildFile; fileRef = 9CC3D8CBB8D9A50E7B56C093 /* Logger.swift */; };
		1AE26B8994A15E178BDB0748 /* RephrasePrompt.swift in Sources */ = {isa = PBXBuildFile; fileRef = BD0690EC63A10B47D506D0B3 /* RephrasePrompt.swift */; };
		371B0C061F143F17E15AD899 /* Constants.swift in Sources */ = {isa = PBXBuildFile; fileRef = DB204A27E52A86E7030AA356 /* Constants.swift */; };
		4AF24595C54C2FF827162189 /* Sparkle in Frameworks */ = {isa = PBXBuildFile; productRef = 668DF600F31B3D0AB9654B2C /* Sparkle */; };
		4B99F6C3839A19EB43BC055A /* OnboardingView.swift in Sources */ = {isa = PBXBuildFile; fileRef = 429E7890B3A04BCEE193F981 /* OnboardingView.swift */; };
		566C7CDFD8D9FF33DA801940 /* FloatingInputPanel.swift in Sources */ = {isa = PBXBuildFile; fileRef = B9707F874BB3C4B5417E18A1 /* FloatingInputPanel.swift */; };
		5C52BDFF07D2A84B86D25846 /* Settings.swift in Sources */ = {isa = PBXBuildFile; fileRef = 3669AFDFDB164161AB1F8A13 /* Settings.swift */; };
		5F9A0A2FE5A351D2DBF53887 /* TranslateLanguage.swift in Sources */ = {isa = PBXBuildFile; fileRef = 219EEB968963DE4A02F4B261 /* TranslateLanguage.swift */; };
		653F82978CE254C78373A04C /* HotkeyRecorderView.swift in Sources */ = {isa = PBXBuildFile; fileRef = AEA44C4949D46CD03C963FA8 /* HotkeyRecorderView.swift */; };
		667BD30E77A861B05A1859E2 /* SettingsView.swift in Sources */ = {isa = PBXBuildFile; fileRef = 355BAE66601C9EA2628411D5 /* SettingsView.swift */; };
		685F9708E76026E4BA2FD582 /* APIModels.swift in Sources */ = {isa = PBXBuildFile; fileRef = CF0F03F8E88FD8E23D6D36E4 /* APIModels.swift */; };
		6D7B8320AC7024062BB467DF /* LaunchAtLoginService.swift in Sources */ = {isa = PBXBuildFile; fileRef = 63C6FEC1C1409EB348E6958B /* LaunchAtLoginService.swift */; };
		75243B3DF94469FA9E0C454B /* AIProvider.swift in Sources */ = {isa = PBXBuildFile; fileRef = 18BF46518B510C1E0C4A4520 /* AIProvider.swift */; };
		88C3717DDC91BEF56E424435 /* ClaudeService.swift in Sources */ = {isa = PBXBuildFile; fileRef = CD02701D15E1189CEA5611E1 /* ClaudeService.swift */; };
		8DFDB8C08929846140E9F3D4 /* ViewExtensions.swift in Sources */ = {isa = PBXBuildFile; fileRef = 0F4B2192D235E2DC587E6880 /* ViewExtensions.swift */; };
		97CD948E844A777C9350B612 /* OpenAIService.swift in Sources */ = {isa = PBXBuildFile; fileRef = 5A92A68DA41ACDFD89620070 /* OpenAIService.swift */; };
		9A4F168D620F9D95BDD78E3D /* TypeBetterApp.swift in Sources */ = {isa = PBXBuildFile; fileRef = 5EF8F760451F156B78FA99CC /* TypeBetterApp.swift */; };
		A2C91B062AA2D205E1F9E67F /* TextCaptureService.swift in Sources */ = {isa = PBXBuildFile; fileRef = 6142AE0AF959AB3921D4F2E3 /* TextCaptureService.swift */; };
		B72ED28A083AB8AD31D8EBAA /* Assets.xcassets in Resources */ = {isa = PBXBuildFile; fileRef = 5ADAB6C4DA6BBAE583EB3B6D /* Assets.xcassets */; };
		C19F0145073937CF7EA37C0D /* HotkeyService.swift in Sources */ = {isa = PBXBuildFile; fileRef = C520C81CDAC4F5F7B1315A65 /* HotkeyService.swift */; };
		C7CBB5FF902B43AE1E8A4CB4 /* GeminiService.swift in Sources */ = {isa = PBXBuildFile; fileRef = 5201B292D250E9452F6DD7E9 /* GeminiService.swift */; };
		C91A96804CF9CC2B79BDB7E4 /* UpdateService.swift in Sources */ = {isa = PBXBuildFile; fileRef = 5F6D9E3A31B0E661DC8FDD2D /* UpdateService.swift */; };
		E0A3532D21DEECE175037AD0 /* QuickAction.swift in Sources */ = {isa = PBXBuildFile; fileRef = 11F062766E63B95E3B138A75 /* QuickAction.swift */; };
		E6688CBFAF4BC08EB67BF1C3 /* KeychainService.swift in Sources */ = {isa = PBXBuildFile; fileRef = 580787D76B877E0686E9B5FB /* KeychainService.swift */; };
		E66FED380260B15893FCFF76 /* AIServiceProtocol.swift in Sources */ = {isa = PBXBuildFile; fileRef = 05C6AE1BD25FA6D1B44C532B /* AIServiceProtocol.swift */; };
		E7C940E108797E69D240D62C /* icon.json in Resources */ = {isa = PBXBuildFile; fileRef = 663F0B689D8A65516C45AE1D /* icon.json */; };
		EAE5DC31EA6071E3810A01E7 /* PromptEditorView.swift in Sources */ = {isa = PBXBuildFile; fileRef = 6DFC0DC310C02AFD2A321E7C /* PromptEditorView.swift */; };
		FDE16853C4C9245907CB3175 /* Frame 1.png in Resources */ = {isa = PBXBuildFile; fileRef = 2D75E5DDC33B71CA57BB36C5 /* Frame 1.png */; };
/* End PBXBuildFile section */

/* Begin PBXFileReference section */
		05C6AE1BD25FA6D1B44C532B /* AIServiceProtocol.swift */ = {isa = PBXFileReference; lastKnownFileType = sourcecode.swift; path = AIServiceProtocol.swift; sourceTree = "<group>"; };
		0F4B2192D235E2DC587E6880 /* ViewExtensions.swift */ = {isa = PBXFileReference; lastKnownFileType = sourcecode.swift; path = ViewExtensions.swift; sourceTree = "<group>"; };
		11F062766E63B95E3B138A75 /* QuickAction.swift */ = {isa = PBXFileReference; lastKnownFileType = sourcecode.swift; path = QuickAction.swift; sourceTree = "<group>"; };
		18BF46518B510C1E0C4A4520 /* AIProvider.swift */ = {isa = PBXFileReference; lastKnownFileType = sourcecode.swift; path = AIProvider.swift; sourceTree = "<group>"; };
		219EEB968963DE4A02F4B261 /* TranslateLanguage.swift */ = {isa = PBXFileReference; lastKnownFileType = sourcecode.swift; path = TranslateLanguage.swift; sourceTree = "<group>"; };
		2D75E5DDC33B71CA57BB36C5 /* Frame 1.png */ = {isa = PBXFileReference; lastKnownFileType = image.png; path = "Frame 1.png"; sourceTree = "<group>"; };
		355BAE66601C9EA2628411D5 /* SettingsView.swift */ = {isa = PBXFileReference; lastKnownFileType = sourcecode.swift; path = SettingsView.swift; sourceTree = "<group>"; };
		3669AFDFDB164161AB1F8A13 /* Settings.swift */ = {isa = PBXFileReference; lastKnownFileType = sourcecode.swift; path = Settings.swift; sourceTree = "<group>"; };
		429E7890B3A04BCEE193F981 /* OnboardingView.swift */ = {isa = PBXFileReference; lastKnownFileType = sourcecode.swift; path = OnboardingView.swift; sourceTree = "<group>"; };
		5201B292D250E9452F6DD7E9 /* GeminiService.swift */ = {isa = PBXFileReference; lastKnownFileType = sourcecode.swift; path = GeminiService.swift; sourceTree = "<group>"; };
		55E9A6D90482421A703D5AA2 /* TypeBetter.app */ = {isa = PBXFileReference; explicitFileType = wrapper.application; includeInIndex = 0; path = TypeBetter.app; sourceTree = BUILT_PRODUCTS_DIR; };
		580787D76B877E0686E9B5FB /* KeychainService.swift */ = {isa = PBXFileReference; lastKnownFileType = sourcecode.swift; path = KeychainService.swift; sourceTree = "<group>"; };
		5A92A68DA41ACDFD89620070 /* OpenAIService.swift */ = {isa = PBXFileReference; lastKnownFileType = sourcecode.swift; path = OpenAIService.swift; sourceTree = "<group>"; };
		5ADAB6C4DA6BBAE583EB3B6D /* Assets.xcassets */ = {isa = PBXFileReference; lastKnownFileType = folder.assetcatalog; path = Assets.xcassets; sourceTree = "<group>"; };
		5EF8F760451F156B78FA99CC /* TypeBetterApp.swift */ = {isa = PBXFileReference; lastKnownFileType = sourcecode.swift; path = TypeBetterApp.swift; sourceTree = "<group>"; };
		5F6D9E3A31B0E661DC8FDD2D /* UpdateService.swift */ = {isa = PBXFileReference; lastKnownFileType = sourcecode.swift; path = UpdateService.swift; sourceTree = "<group>"; };
		6142AE0AF959AB3921D4F2E3 /* TextCaptureService.swift */ = {isa = PBXFileReference; lastKnownFileType = sourcecode.swift; path = TextCaptureService.swift; sourceTree = "<group>"; };
		63C6FEC1C1409EB348E6958B /* LaunchAtLoginService.swift */ = {isa = PBXFileReference; lastKnownFileType = sourcecode.swift; path = LaunchAtLoginService.swift; sourceTree = "<group>"; };
		663F0B689D8A65516C45AE1D /* icon.json */ = {isa = PBXFileReference; lastKnownFileType = text.json; path = icon.json; sourceTree = "<group>"; };
		6DFC0DC310C02AFD2A321E7C /* PromptEditorView.swift */ = {isa = PBXFileReference; lastKnownFileType = sourcecode.swift; path = PromptEditorView.swift; sourceTree = "<group>"; };
		887EAEEEC5241DAFA34A3678 /* TypeBetter.entitlements */ = {isa = PBXFileReference; lastKnownFileType = text.plist.entitlements; path = TypeBetter.entitlements; sourceTree = "<group>"; };
		9390C5ED43376E2A74720E3D /* Info.plist */ = {isa = PBXFileReference; lastKnownFileType = text.plist; path = Info.plist; sourceTree = "<group>"; };
		9CC3D8CBB8D9A50E7B56C093 /* Logger.swift */ = {isa = PBXFileReference; lastKnownFileType = sourcecode.swift; path = Logger.swift; sourceTree = "<group>"; };
		AEA44C4949D46CD03C963FA8 /* HotkeyRecorderView.swift */ = {isa = PBXFileReference; lastKnownFileType = sourcecode.swift; path = HotkeyRecorderView.swift; sourceTree = "<group>"; };
		B9707F874BB3C4B5417E18A1 /* FloatingInputPanel.swift */ = {isa = PBXFileReference; lastKnownFileType = sourcecode.swift; path = FloatingInputPanel.swift; sourceTree = "<group>"; };
		BD0690EC63A10B47D506D0B3 /* RephrasePrompt.swift */ = {isa = PBXFileReference; lastKnownFileType = sourcecode.swift; path = RephrasePrompt.swift; sourceTree = "<group>"; };
		C520C81CDAC4F5F7B1315A65 /* HotkeyService.swift */ = {isa = PBXFileReference; lastKnownFileType = sourcecode.swift; path = HotkeyService.swift; sourceTree = "<group>"; };
		CD02701D15E1189CEA5611E1 /* ClaudeService.swift */ = {isa = PBXFileReference; lastKnownFileType = sourcecode.swift; path = ClaudeService.swift; sourceTree = "<group>"; };
		CF0F03F8E88FD8E23D6D36E4 /* APIModels.swift */ = {isa = PBXFileReference; lastKnownFileType = sourcecode.swift; path = APIModels.swift; sourceTree = "<group>"; };
		DB204A27E52A86E7030AA356 /* Constants.swift */ = {isa = PBXFileReference; lastKnownFileType = sourcecode.swift; path = Constants.swift; sourceTree = "<group>"; };
/* End PBXFileReference section */

/* Begin PBXFrameworksBuildPhase section */
		E984B87DE1848819474844C4 /* Frameworks */ = {
			isa = PBXFrameworksBuildPhase;
			buildActionMask = 2147483647;
			files = (
				4AF24595C54C2FF827162189 /* Sparkle in Frameworks */,
			);
			runOnlyForDeploymentPostprocessing = 0;
		};
/* End PBXFrameworksBuildPhase section */

/* Begin PBXGroup section */
		03850A54368742032FF4239C /* AIService */ = {
			isa = PBXGroup;
			children = (
				05C6AE1BD25FA6D1B44C532B /* AIServiceProtocol.swift */,
				CD02701D15E1189CEA5611E1 /* ClaudeService.swift */,
				5201B292D250E9452F6DD7E9 /* GeminiService.swift */,
				5A92A68DA41ACDFD89620070 /* OpenAIService.swift */,
			);
			path = AIService;
			sourceTree = "<group>";
		};
		082BE3E4AE9B3F0C1B024043 /* Views */ = {
			isa = PBXGroup;
			children = (
				B9707F874BB3C4B5417E18A1 /* FloatingInputPanel.swift */,
				AEA44C4949D46CD03C963FA8 /* HotkeyRecorderView.swift */,
				429E7890B3A04BCEE193F981 /* OnboardingView.swift */,
				6DFC0DC310C02AFD2A321E7C /* PromptEditorView.swift */,
				355BAE66601C9EA2628411D5 /* SettingsView.swift */,
			);
			path = Views;
			sourceTree = "<group>";
		};
		2A90FAFE0142E390FB9B966C /* Utilities */ = {
			isa = PBXGroup;
			children = (
				9CC3D8CBB8D9A50E7B56C093 /* Logger.swift */,
				0F4B2192D235E2DC587E6880 /* ViewExtensions.swift */,
			);
			path = Utilities;
			sourceTree = "<group>";
		};
		3529BF736BC4B702B237865A = {
			isa = PBXGroup;
			children = (
				992712A12EE00172715567D2 /* TypeBetter */,
				D914D00C9E71399F0812C6E4 /* Products */,
			);
			sourceTree = "<group>";
		};
		420CA44F0E9363F57EBF3A54 /* Models */ = {
			isa = PBXGroup;
			children = (
				18BF46518B510C1E0C4A4520 /* AIProvider.swift */,
				CF0F03F8E88FD8E23D6D36E4 /* APIModels.swift */,
				11F062766E63B95E3B138A75 /* QuickAction.swift */,
				BD0690EC63A10B47D506D0B3 /* RephrasePrompt.swift */,
				3669AFDFDB164161AB1F8A13 /* Settings.swift */,
				219EEB968963DE4A02F4B261 /* TranslateLanguage.swift */,
			);
			path = Models;
			sourceTree = "<group>";
		};
		68632CE345EB579C444216E0 /* Services */ = {
			isa = PBXGroup;
			children = (
				C520C81CDAC4F5F7B1315A65 /* HotkeyService.swift */,
				580787D76B877E0686E9B5FB /* KeychainService.swift */,
				63C6FEC1C1409EB348E6958B /* LaunchAtLoginService.swift */,
				6142AE0AF959AB3921D4F2E3 /* TextCaptureService.swift */,
				5F6D9E3A31B0E661DC8FDD2D /* UpdateService.swift */,
				03850A54368742032FF4239C /* AIService */,
			);
			path = Services;
			sourceTree = "<group>";
		};
		74DD28EB7B08F31F3E3663A6 /* Assets */ = {
			isa = PBXGroup;
			children = (
				2D75E5DDC33B71CA57BB36C5 /* Frame 1.png */,
			);
			path = Assets;
			sourceTree = "<group>";
		};
		992712A12EE00172715567D2 /* TypeBetter */ = {
			isa = PBXGroup;
			children = (
				5ADAB6C4DA6BBAE583EB3B6D /* Assets.xcassets */,
				DB204A27E52A86E7030AA356 /* Constants.swift */,
				9390C5ED43376E2A74720E3D /* Info.plist */,
				887EAEEEC5241DAFA34A3678 /* TypeBetter.entitlements */,
				5EF8F760451F156B78FA99CC /* TypeBetterApp.swift */,
				420CA44F0E9363F57EBF3A54 /* Models */,
				68632CE345EB579C444216E0 /* Services */,
				C83AFF3D38FD7E6B9EE40865 /* TypeBetter.icon */,
				2A90FAFE0142E390FB9B966C /* Utilities */,
				082BE3E4AE9B3F0C1B024043 /* Views */,
			);
			path = TypeBetter;
			sourceTree = "<group>";
		};
		C83AFF3D38FD7E6B9EE40865 /* TypeBetter.icon */ = {
			isa = PBXGroup;
			children = (
				663F0B689D8A65516C45AE1D /* icon.json */,
				74DD28EB7B08F31F3E3663A6 /* Assets */,
			);
			path = TypeBetter.icon;
			sourceTree = "<group>";
		};
		D914D00C9E71399F0812C6E4 /* Products */ = {
			isa = PBXGroup;
			children = (
				55E9A6D90482421A703D5AA2 /* TypeBetter.app */,
			);
			name = Products;
			sourceTree = "<group>";
		};
/* End PBXGroup section */

/* Begin PBXNativeTarget section */
		640AFDA16A3633383D0E1AEA /* TypeBetter */ = {
			isa = PBXNativeTarget;
			buildConfigurationList = BB8293D75B50A2C5F4A81127 /* Build configuration list for PBXNativeTarget "TypeBetter" */;
			buildPhases = (
				ED7350D92627669BD38A79F1 /* Sources */,
				AE7A7BFB5CA961B370F3C80D /* Resources */,
				E984B87DE1848819474844C4 /* Frameworks */,
			);
			buildRules = (
			);
			dependencies = (
			);
			name = TypeBetter;
			packageProductDependencies = (
				668DF600F31B3D0AB9654B2C /* Sparkle */,
			);
			productName = TypeBetter;
			productReference = 55E9A6D90482421A703D5AA2 /* TypeBetter.app */;
			productType = "com.apple.product-type.application";
		};
/* End PBXNativeTarget section */

/* Begin PBXProject section */
		568E6927DCA25939CAA60C46 /* Project object */ = {
			isa = PBXProject;
			attributes = {
				BuildIndependentTargetsInParallel = YES;
				LastUpgradeCheck = 1500;
				TargetAttributes = {
					640AFDA16A3633383D0E1AEA = {
						DevelopmentTeam = 7MKQAN7HM5;
						ProvisioningStyle = Automatic;
					};
				};
			};
			buildConfigurationList = C0005A68DFE8FDA42F77B07A /* Build configuration list for PBXProject "TypeBetter" */;
			compatibilityVersion = "Xcode 14.0";
			developmentRegion = en;
			hasScannedForEncodings = 0;
			knownRegions = (
				Base,
				en,
			);
			mainGroup = 3529BF736BC4B702B237865A;
			minimizedProjectReferenceProxies = 1;
			packageReferences = (
				957A750C4BDAA6AA3CDA8452 /* XCRemoteSwiftPackageReference "Sparkle" */,
			);
			preferredProjectObjectVersion = 77;
			projectDirPath = "";
			projectRoot = "";
			targets = (
				640AFDA16A3633383D0E1AEA /* TypeBetter */,
			);
		};
/* End PBXProject section */

/* Begin PBXResourcesBuildPhase section */
		AE7A7BFB5CA961B370F3C80D /* Resources */ = {
			isa = PBXResourcesBuildPhase;
			buildActionMask = 2147483647;
			files = (
				B72ED28A083AB8AD31D8EBAA /* Assets.xcassets in Resources */,
				FDE16853C4C9245907CB3175 /* Frame 1.png in Resources */,
				E7C940E108797E69D240D62C /* icon.json in Resources */,
			);
			runOnlyForDeploymentPostprocessing = 0;
		};
/* End PBXResourcesBuildPhase section */

/* Begin PBXSourcesBuildPhase section */
		ED7350D92627669BD38A79F1 /* Sources */ = {
			isa = PBXSourcesBuildPhase;
			buildActionMask = 2147483647;
			files = (
				75243B3DF94469FA9E0C454B /* AIProvider.swift in Sources */,
				E66FED380260B15893FCFF76 /* AIServiceProtocol.swift in Sources */,
				685F9708E76026E4BA2FD582 /* APIModels.swift in Sources */,
				88C3717DDC91BEF56E424435 /* ClaudeService.swift in Sources */,
				371B0C061F143F17E15AD899 /* Constants.swift in Sources */,
				566C7CDFD8D9FF33DA801940 /* FloatingInputPanel.swift in Sources */,
				C7CBB5FF902B43AE1E8A4CB4 /* GeminiService.swift in Sources */,
				653F82978CE254C78373A04C /* HotkeyRecorderView.swift in Sources */,
				C19F0145073937CF7EA37C0D /* HotkeyService.swift in Sources */,
				E6688CBFAF4BC08EB67BF1C3 /* KeychainService.swift in Sources */,
				6D7B8320AC7024062BB467DF /* LaunchAtLoginService.swift in Sources */,
				0D3213AF77EC686001A6AC49 /* Logger.swift in Sources */,
				4B99F6C3839A19EB43BC055A /* OnboardingView.swift in Sources */,
				97CD948E844A777C9350B612 /* OpenAIService.swift in Sources */,
				EAE5DC31EA6071E3810A01E7 /* PromptEditorView.swift in Sources */,
				E0A3532D21DEECE175037AD0 /* QuickAction.swift in Sources */,
				1AE26B8994A15E178BDB0748 /* RephrasePrompt.swift in Sources */,
				5C52BDFF07D2A84B86D25846 /* Settings.swift in Sources */,
				667BD30E77A861B05A1859E2 /* SettingsView.swift in Sources */,
				A2C91B062AA2D205E1F9E67F /* TextCaptureService.swift in Sources */,
				5F9A0A2FE5A351D2DBF53887 /* TranslateLanguage.swift in Sources */,
				9A4F168D620F9D95BDD78E3D /* TypeBetterApp.swift in Sources */,
				C91A96804CF9CC2B79BDB7E4 /* UpdateService.swift in Sources */,
				8DFDB8C08929846140E9F3D4 /* ViewExtensions.swift in Sources */,
			);
			runOnlyForDeploymentPostprocessing = 0;
		};
/* End PBXSourcesBuildPhase section */

/* Begin XCBuildConfiguration section */
		30249C3A8E19274D709292DF /* Debug */ = {
			isa = XCBuildConfiguration;
			buildSettings = {
				ASSETCATALOG_COMPILER_APPICON_NAME = AppIcon;
				CODE_SIGN_ENTITLEMENTS = TypeBetter/TypeBetter.entitlements;
				CODE_SIGN_IDENTITY = "Apple Development";
				CODE_SIGN_STYLE = Automatic;
				COMBINE_HIDPI_IMAGES = YES;
				DEVELOPMENT_TEAM = 7MKQAN7HM5;
				ENABLE_HARDENED_RUNTIME = YES;
				INFOPLIST_FILE = TypeBetter/Info.plist;
				LD_RUNPATH_SEARCH_PATHS = (
					"$(inherited)",
					"@executable_path/../Frameworks",
				);
				PRODUCT_BUNDLE_IDENTIFIER = com.typebetter.app;
				PRODUCT_NAME = TypeBetter;
				SDKROOT = macosx;
			};
			name = Debug;
		};
		B351D994838550A28E865DB3 /* Release */ = {
			isa = XCBuildConfiguration;
			buildSettings = {
				ASSETCATALOG_COMPILER_APPICON_NAME = AppIcon;
				CODE_SIGN_ENTITLEMENTS = TypeBetter/TypeBetter.entitlements;
				CODE_SIGN_IDENTITY = "Apple Development";
				CODE_SIGN_STYLE = Automatic;
				COMBINE_HIDPI_IMAGES = YES;
				DEVELOPMENT_TEAM = 7MKQAN7HM5;
				ENABLE_HARDENED_RUNTIME = YES;
				INFOPLIST_FILE = TypeBetter/Info.plist;
				LD_RUNPATH_SEARCH_PATHS = (
					"$(inherited)",
					"@executable_path/../Frameworks",
				);
				PRODUCT_BUNDLE_IDENTIFIER = com.typebetter.app;
				PRODUCT_NAME = TypeBetter;
				SDKROOT = macosx;
			};
			name = Release;
		};
		B6736CB8E91C561530084A5A /* Release */ = {
			isa = XCBuildConfiguration;
			buildSettings = {
				ALWAYS_SEARCH_USER_PATHS = NO;
				ARCHS = arm64;
				CLANG_ANALYZER_NONNULL = YES;
				CLANG_ANALYZER_NUMBER_OBJECT_CONVERSION = YES_AGGRESSIVE;
				CLANG_CXX_LANGUAGE_STANDARD = "gnu++14";
				CLANG_CXX_LIBRARY = "libc++";
				CLANG_ENABLE_MODULES = YES;
				CLANG_ENABLE_OBJC_ARC = YES;
				CLANG_ENABLE_OBJC_WEAK = YES;
				CLANG_WARN_BLOCK_CAPTURE_AUTORELEASING = YES;
				CLANG_WARN_BOOL_CONVERSION = YES;
				CLANG_WARN_COMMA = YES;
				CLANG_WARN_CONSTANT_CONVERSION = YES;
				CLANG_WARN_DEPRECATED_OBJC_IMPLEMENTATIONS = YES;
				CLANG_WARN_DIRECT_OBJC_ISA_USAGE = YES_ERROR;
				CLANG_WARN_DOCUMENTATION_COMMENTS = YES;
				CLANG_WARN_EMPTY_BODY = YES;
				CLANG_WARN_ENUM_CONVERSION = YES;
				CLANG_WARN_INFINITE_RECURSION = YES;
				CLANG_WARN_INT_CONVERSION = YES;
				CLANG_WARN_NON_LITERAL_NULL_CONVERSION = YES;
				CLANG_WARN_OBJC_IMPLICIT_RETAIN_SELF = YES;
				CLANG_WARN_OBJC_LITERAL_CONVERSION = YES;
				CLANG_WARN_OBJC_ROOT_CLASS = YES_ERROR;
				CLANG_WARN_QUOTED_INCLUDE_IN_FRAMEWORK_HEADER = YES;
				CLANG_WARN_RANGE_LOOP_ANALYSIS = YES;
				CLANG_WARN_STRICT_PROTOTYPES = YES;
				CLANG_WARN_SUSPICIOUS_MOVE = YES;
				CLANG_WARN_UNGUARDED_AVAILABILITY = YES_AGGRESSIVE;
				CLANG_WARN_UNREACHABLE_CODE = YES;
				CLANG_WARN__DUPLICATE_METHOD_MATCH = YES;
				COPY_PHASE_STRIP = NO;
				DEBUG_INFORMATION_FORMAT = "dwarf-with-dsym";
				ENABLE_NS_ASSERTIONS = NO;
				ENABLE_STRICT_OBJC_MSGSEND = YES;
				GCC_C_LANGUAGE_STANDARD = gnu11;
				GCC_NO_COMMON_BLOCKS = YES;
				GCC_WARN_64_TO_32_BIT_CONVERSION = YES;
				GCC_WARN_ABOUT_RETURN_TYPE = YES_ERROR;
				GCC_WARN_UNDECLARED_SELECTOR = YES;
				GCC_WARN_UNINITIALIZED_AUTOS = YES_AGGRESSIVE;
				GCC_WARN_UNUSED_FUNCTION = YES;
				GCC_WARN_UNUSED_VARIABLE = YES;
				MACOSX_DEPLOYMENT_TARGET = 13.0;
				MTL_ENABLE_DEBUG_INFO = NO;
				MTL_FAST_MATH = YES;
				PRODUCT_NAME = "$(TARGET_NAME)";
				SDKROOT = macosx;
				SWIFT_COMPILATION_MODE = wholemodule;
				SWIFT_OPTIMIZATION_LEVEL = "-O";
				SWIFT_VERSION = 5.9;
			};
			name = Release;
		};
		F1374C0BE5F5D3987F26BD62 /* Debug */ = {
			isa = XCBuildConfiguration;
			buildSettings = {
				ALWAYS_SEARCH_USER_PATHS = NO;
				ARCHS = arm64;
				CLANG_ANALYZER_NONNULL = YES;
				CLANG_ANALYZER_NUMBER_OBJECT_CONVERSION = YES_AGGRESSIVE;
				CLANG_CXX_LANGUAGE_STANDARD = "gnu++14";
				CLANG_CXX_LIBRARY = "libc++";
				CLANG_ENABLE_MODULES = YES;
				CLANG_ENABLE_OBJC_ARC = YES;
				CLANG_ENABLE_OBJC_WEAK = YES;
				CLANG_WARN_BLOCK_CAPTURE_AUTORELEASING = YES;
				CLANG_WARN_BOOL_CONVERSION = YES;
				CLANG_WARN_COMMA = YES;
				CLANG_WARN_CONSTANT_CONVERSION = YES;
				CLANG_WARN_DEPRECATED_OBJC_IMPLEMENTATIONS = YES;
				CLANG_WARN_DIRECT_OBJC_ISA_USAGE = YES_ERROR;
				CLANG_WARN_DOCUMENTATION_COMMENTS = YES;
				CLANG_WARN_EMPTY_BODY = YES;
				CLANG_WARN_ENUM_CONVERSION = YES;
				CLANG_WARN_INFINITE_RECURSION = YES;
				CLANG_WARN_INT_CONVERSION = YES;
				CLANG_WARN_NON_LITERAL_NULL_CONVERSION = YES;
				CLANG_WARN_OBJC_IMPLICIT_RETAIN_SELF = YES;
				CLANG_WARN_OBJC_LITERAL_CONVERSION = YES;
				CLANG_WARN_OBJC_ROOT_CLASS = YES_ERROR;
				CLANG_WARN_QUOTED_INCLUDE_IN_FRAMEWORK_HEADER = YES;
				CLANG_WARN_RANGE_LOOP_ANALYSIS = YES;
				CLANG_WARN_STRICT_PROTOTYPES = YES;
				CLANG_WARN_SUSPICIOUS_MOVE = YES;
				CLANG_WARN_UNGUARDED_AVAILABILITY = YES_AGGRESSIVE;
				CLANG_WARN_UNREACHABLE_CODE = YES;
				CLANG_WARN__DUPLICATE_METHOD_MATCH = YES;
				COPY_PHASE_STRIP = NO;
				DEBUG_INFORMATION_FORMAT = dwarf;
				ENABLE_STRICT_OBJC_MSGSEND = YES;
				ENABLE_TESTABILITY = YES;
				GCC_C_LANGUAGE_STANDARD = gnu11;
				GCC_DYNAMIC_NO_PIC = NO;
				GCC_NO_COMMON_BLOCKS = YES;
				GCC_OPTIMIZATION_LEVEL = 0;
				GCC_PREPROCESSOR_DEFINITIONS = (
					"$(inherited)",
					"DEBUG=1",
				);
				GCC_WARN_64_TO_32_BIT_CONVERSION = YES;
				GCC_WARN_ABOUT_RETURN_TYPE = YES_ERROR;
				GCC_WARN_UNDECLARED_SELECTOR = YES;
				GCC_WARN_UNINITIALIZED_AUTOS = YES_AGGRESSIVE;
				GCC_WARN_UNUSED_FUNCTION = YES;
				GCC_WARN_UNUSED_VARIABLE = YES;
				MACOSX_DEPLOYMENT_TARGET = 13.0;
				MTL_ENABLE_DEBUG_INFO = INCLUDE_SOURCE;
				MTL_FAST_MATH = YES;
				ONLY_ACTIVE_ARCH = YES;
				PRODUCT_NAME = "$(TARGET_NAME)";
				SDKROOT = macosx;
				SWIFT_ACTIVE_COMPILATION_CONDITIONS = DEBUG;
				SWIFT_OPTIMIZATION_LEVEL = "-Onone";
				SWIFT_VERSION = 5.9;
			};
			name = Debug;
		};
/* End XCBuildConfiguration section */

/* Begin XCConfigurationList section */
		BB8293D75B50A2C5F4A81127 /* Build configuration list for PBXNativeTarget "TypeBetter" */ = {
			isa = XCConfigurationList;
			buildConfigurations = (
				30249C3A8E19274D709292DF /* Debug */,
				B351D994838550A28E865DB3 /* Release */,
			);
			defaultConfigurationIsVisible = 0;
			defaultConfigurationName = Debug;
		};
		C0005A68DFE8FDA42F77B07A /* Build configuration list for PBXProject "TypeBetter" */ = {
			isa = XCConfigurationList;
			buildConfigurations = (
				F1374C0BE5F5D3987F26BD62 /* Debug */,
				B6736CB8E91C561530084A5A /* Release */,
			);
			defaultConfigurationIsVisible = 0;
			defaultConfigurationName = Debug;
		};
/* End XCConfigurationList section */

/* Begin XCRemoteSwiftPackageReference section */
		957A750C4BDAA6AA3CDA8452 /* XCRemoteSwiftPackageReference "Sparkle" */ = {
			isa = XCRemoteSwiftPackageReference;
			repositoryURL = "https://github.com/sparkle-project/Sparkle";
			requirement = {
				kind = upToNextMajorVersion;
				minimumVersion = 2.0.0;
			};
		};
/* End XCRemoteSwiftPackageReference section */

/* Begin XCSwiftPackageProductDependency section */
		668DF600F31B3D0AB9654B2C /* Sparkle */ = {
			isa = XCSwiftPackageProductDependency;
			package = 957A750C4BDAA6AA3CDA8452 /* XCRemoteSwiftPackageReference "Sparkle" */;
			productName = Sparkle;
		};
/* End XCSwiftPackageProductDependency section */
	};
	rootObject = 568E6927DCA25939CAA60C46 /* Project object */;
}
